
Microsoft Visual Studio Solution File, Format Version 12.00
# Visual Studio Version 16
VisualStudioVersion = 16.0.31702.278
MinimumVisualStudioVersion = 10.0.40219.1
Project("{FAE04EC0-301F-11D3-BF4B-00C04F79EFBC}") = "Chess", "Chess\Chess.csproj", "{904528F5-6551-4AEF-97A9-291DA785ABCB}"
EndProject
Global
	GlobalSection(SolutionConfigurationPlatforms) = preSolution
		Debug|Any CPU = Debug|Any CPU
		Release|Any CPU = Release|Any CPU
	EndGlobalSection
	GlobalSection(ProjectConfigurationPlatforms) = postSolution
		{904528F5-6551-4AEF-97A9-291DA785ABCB}.Debug|Any CPU.ActiveCfg = Debug|Any CPU
		{904528F5-6551-4AEF-97A9-291DA785ABCB}.Debug|Any CPU.Build.0 = Debug|Any CPU
		{904528F5-6551-4AEF-97A9-291DA785ABCB}.Release|Any CPU.ActiveCfg = Release|Any CPU
		{904528F5-6551-4AEF-97A9-291DA785ABCB}.Release|Any CPU.Build.0 = Release|Any CPU
	EndGlobalSection
	GlobalSection(SolutionProperties) = preSolution
		HideSolutionNode = FALSE
	EndGlobalSection
	GlobalSection(ExtensibilityGlobals) = postSolution
		SolutionGuid = {C0CFD9DB-70E0-463D-8B2C-D8F7003FE12A}
	EndGlobalSection
EndGlobal
